
Microsoft Visual Studio Solution File, Format Version 12.00
Project("{FAE04EC0-301F-11D3-BF4B-00C04F79EFBC}") = "chatters-api", "chatters-api\chatters-api.csproj", "{6966E489-F8A9-4125-B42B-05CD43132C92}"
EndProject
Global
	GlobalSection(SolutionConfigurationPlatforms) = preSolution
		Debug|Any CPU = Debug|Any CPU
		Release|Any CPU = Release|Any CPU
	EndGlobalSection
	GlobalSection(ProjectConfigurationPlatforms) = postSolution
		{6966E489-F8A9-4125-B42B-05CD43132C92}.Debug|Any CPU.ActiveCfg = Debug|Any CPU
		{6966E489-F8A9-4125-B42B-05CD43132C92}.Debug|Any CPU.Build.0 = Debug|Any CPU
		{6966E489-F8A9-4125-B42B-05CD43132C92}.Release|Any CPU.ActiveCfg = Release|Any CPU
		{6966E489-F8A9-4125-B42B-05CD43132C92}.Release|Any CPU.Build.0 = Release|Any CPU
	EndGlobalSection
EndGlobal
